
Microsoft Visual Studio Solution File, Format Version 12.00
# Visual Studio 14
VisualStudioVersion = 14.0.25420.1
MinimumVisualStudioVersion = 10.0.40219.1
Project("{FAE04EC0-301F-11D3-BF4B-00C04F79EFBC}") = "HelloWorld", "HelloWorld.csproj", "{DDA11524-8E0F-4406-B850-39235AB67382}"
EndProject
Project("{FAE04EC0-301F-11D3-BF4B-00C04F79EFBC}") = "HW2P1", "..\HW2P1\HW2P1.csproj", "{8BB0C48C-6D6F-4E83-8283-4BBC369DFE34}"
EndProject
Global
	GlobalSection(SolutionConfigurationPlatforms) = preSolution
		Debug|Any CPU = Debug|Any CPU
		Release|Any CPU = Release|Any CPU
	EndGlobalSection
	GlobalSection(ProjectConfigurationPlatforms) = postSolution
		{DDA11524-8E0F-4406-B850-39235AB67382}.Debug|Any CPU.ActiveCfg = Debug|Any CPU
		{DDA11524-8E0F-4406-B850-39235AB67382}.Debug|Any CPU.Build.0 = Debug|Any CPU
		{DDA11524-8E0F-4406-B850-39235AB67382}.Release|Any CPU.ActiveCfg = Release|Any CPU
		{DDA11524-8E0F-4406-B850-39235AB67382}.Release|Any CPU.Build.0 = Release|Any CPU
		{8BB0C48C-6D6F-4E83-8283-4BBC369DFE34}.Debug|Any CPU.ActiveCfg = Debug|Any CPU
		{8BB0C48C-6D6F-4E83-8283-4BBC369DFE34}.Debug|Any CPU.Build.0 = Debug|Any CPU
		{8BB0C48C-6D6F-4E83-8283-4BBC369DFE34}.Release|Any CPU.ActiveCfg = Release|Any CPU
		{8BB0C48C-6D6F-4E83-8283-4BBC369DFE34}.Release|Any CPU.Build.0 = Release|Any CPU
	EndGlobalSection
	GlobalSection(SolutionProperties) = preSolution
		HideSolutionNode = FALSE
	EndGlobalSection
EndGlobal
